
Microsoft Visual Studio Solution File, Format Version 12.00
# Visual Studio 15
VisualStudioVersion = 15.0.28307.539
MinimumVisualStudioVersion = 10.0.40219.1
Project("{FAE04EC0-301F-11D3-BF4B-00C04F79EFBC}") = "WebApplication98", "WebApplication98\WebApplication98.csproj", "{3917B25E-416E-467E-81BE-D56F2E2C1F44}"
EndProject
Global
	GlobalSection(SolutionConfigurationPlatforms) = preSolution
		Debug|Any CPU = Debug|Any CPU
		Release|Any CPU = Release|Any CPU
	EndGlobalSection
	GlobalSection(ProjectConfigurationPlatforms) = postSolution
		{3917B25E-416E-467E-81BE-D56F2E2C1F44}.Debug|Any CPU.ActiveCfg = Debug|Any CPU
		{3917B25E-416E-467E-81BE-D56F2E2C1F44}.Debug|Any CPU.Build.0 = Debug|Any CPU
		{3917B25E-416E-467E-81BE-D56F2E2C1F44}.Release|Any CPU.ActiveCfg = Release|Any CPU
		{3917B25E-416E-467E-81BE-D56F2E2C1F44}.Release|Any CPU.Build.0 = Release|Any CPU
	EndGlobalSection
	GlobalSection(SolutionProperties) = preSolution
		HideSolutionNode = FALSE
	EndGlobalSection
	GlobalSection(ExtensibilityGlobals) = postSolution
		SolutionGuid = {02727D41-1F47-41FF-8852-A034C3904FC4}
	EndGlobalSection
EndGlobal
